Microsoft Visual Studio Solution File, Format Version 10.00
# Visual Studio 2008
Project("{FAE04EC0-301F-11D3-BF4B-00C04F79EFBC}") = "BiometricSDKLibrary", "BiometricSDKLibrary\BiometricSDKLibrary.csproj", "{42C7C46D-A020-437A-B22C-DA9DF2469E93}"
EndProject
Project("{FAE04EC0-301F-11D3-BF4B-00C04F79EFBC}") = "BiometricSDKApplication", "BiometricSDKApplication\BiometricSDKApplication.csproj", "{7E2B0E81-D33F-4A11-8FEE-85A5E85E34C5}"
EndProject
Global
	GlobalSection(SolutionConfigurationPlatforms) = preSolution
		Debug|Any CPU = Debug|Any CPU
		Release|Any CPU = Release|Any CPU
	EndGlobalSection
	GlobalSection(ProjectConfigurationPlatforms) = postSolution
		{42C7C46D-A020-437A-B22C-DA9DF2469E93}.Debug|Any CPU.ActiveCfg = Debug|Any CPU
		{42C7C46D-A020-437A-B22C-DA9DF2469E93}.Debug|Any CPU.Build.0 = Debug|Any CPU
		{42C7C46D-A020-437A-B22C-DA9DF2469E93}.Release|Any CPU.ActiveCfg = Release|Any CPU
		{42C7C46D-A020-437A-B22C-DA9DF2469E93}.Release|Any CPU.Build.0 = Release|Any CPU
		{7E2B0E81-D33F-4A11-8FEE-85A5E85E34C5}.Debug|Any CPU.ActiveCfg = Debug|Any CPU
		{7E2B0E81-D33F-4A11-8FEE-85A5E85E34C5}.Debug|Any CPU.Build.0 = Debug|Any CPU
		{7E2B0E81-D33F-4A11-8FEE-85A5E85E34C5}.Release|Any CPU.ActiveCfg = Release|Any CPU
		{7E2B0E81-D33F-4A11-8FEE-85A5E85E34C5}.Release|Any CPU.Build.0 = Release|Any CPU
	EndGlobalSection
	GlobalSection(SolutionProperties) = preSolution
		HideSolutionNode = FALSE
	EndGlobalSection
	GlobalSection(ExtensibilityGlobals) = postSolution
		VisualSVNWorkingCopyRoot = .
	EndGlobalSection
EndGlobal
